// !$*UTF8*$!
{
	archiveVersion = 1;
	classes = {
	};
	objectVersion = 50;
	objects = {

/* Begin PBXBuildFile section */
		3033E3872494BCE6008E6821 /* AppDelegate.swift in Sources */ = {isa = PBXBuildFile; fileRef = 3033E3862494BCE6008E6821 /* AppDelegate.swift */; };
		3033E3892494BCE6008E6821 /* SceneDelegate.swift in Sources */ = {isa = PBXBuildFile; fileRef = 3033E3882494BCE6008E6821 /* SceneDelegate.swift */; };
		3033E38E2494BCE6008E6821 /* Main.storyboard in Resources */ = {isa = PBXBuildFile; fileRef = 3033E38C2494BCE6008E6821 /* Main.storyboard */; };
		3033E3902494BCE7008E6821 /* Assets.xcassets in Resources */ = {isa = PBXBuildFile; fileRef = 3033E38F2494BCE7008E6821 /* Assets.xcassets */; };
		3033E3932494BCE7008E6821 /* LaunchScreen.storyboard in Resources */ = {isa = PBXBuildFile; fileRef = 3033E3912494BCE7008E6821 /* LaunchScreen.storyboard */; };
		3033E3A02494BF54008E6821 /* Answer.swift in Sources */ = {isa = PBXBuildFile; fileRef = 3033E39F2494BF54008E6821 /* Answer.swift */; };
		3033E3A22494BF67008E6821 /* Category.swift in Sources */ = {isa = PBXBuildFile; fileRef = 3033E3A12494BF67008E6821 /* Category.swift */; };
		3033E3A42494BF86008E6821 /* Level.swift in Sources */ = {isa = PBXBuildFile; fileRef = 3033E3A32494BF86008E6821 /* Level.swift */; };
		3033E3A62494BFA8008E6821 /* Question.swift in Sources */ = {isa = PBXBuildFile; fileRef = 3033E3A52494BFA8008E6821 /* Question.swift */; };
		3033E3A82494BFC4008E6821 /* Result.swift in Sources */ = {isa = PBXBuildFile; fileRef = 3033E3A72494BFC4008E6821 /* Result.swift */; };
		3033E3AA2494BFDF008E6821 /* ResultType.swift in Sources */ = {isa = PBXBuildFile; fileRef = 3033E3A92494BFDF008E6821 /* ResultType.swift */; };
		3033E3AC2494BFFC008E6821 /* StatusTest.swift in Sources */ = {isa = PBXBuildFile; fileRef = 3033E3AB2494BFFC008E6821 /* StatusTest.swift */; };
		3033E3AE2494C063008E6821 /* LevelViewController.swift in Sources */ = {isa = PBXBuildFile; fileRef = 3033E3AD2494C063008E6821 /* LevelViewController.swift */; };
		3033E3B02494C075008E6821 /* CategoryViewController.swift in Sources */ = {isa = PBXBuildFile; fileRef = 3033E3AF2494C075008E6821 /* CategoryViewController.swift */; };
		3033E3B22494C085008E6821 /* QuestionViewController.swift in Sources */ = {isa = PBXBuildFile; fileRef = 3033E3B12494C085008E6821 /* QuestionViewController.swift */; };
		3033E3B42494C09A008E6821 /* ResultViewController.swift in Sources */ = {isa = PBXBuildFile; fileRef = 3033E3B32494C09A008E6821 /* ResultViewController.swift */; };
		3033E3B62494C0B9008E6821 /* ResultTableViewController.swift in Sources */ = {isa = PBXBuildFile; fileRef = 3033E3B52494C0B9008E6821 /* ResultTableViewController.swift */; };
		3033E3B82494C0C9008E6821 /* TeamTableViewController.swift in Sources */ = {isa = PBXBuildFile; fileRef = 3033E3B72494C0C9008E6821 /* TeamTableViewController.swift */; };
		3033E3BA2494C0E9008E6821 /* TeamMemberViewController.swift in Sources */ = {isa = PBXBuildFile; fileRef = 3033E3B92494C0E9008E6821 /* TeamMemberViewController.swift */; };
		3033E3BC2494C2ED008E6821 /* Results.storyboard in Resources */ = {isa = PBXBuildFile; fileRef = 3033E3BB2494C2ED008E6821 /* Results.storyboard */; };
		3033E3BE2494C2FE008E6821 /* Team.storyboard in Resources */ = {isa = PBXBuildFile; fileRef = 3033E3BD2494C2FE008E6821 /* Team.storyboard */; };
		3033E3C02494C3A2008E6821 /* TeamMember.swift in Sources */ = {isa = PBXBuildFile; fileRef = 3033E3BF2494C3A2008E6821 /* TeamMember.swift */; };
/* End PBXBuildFile section */

/* Begin PBXFileReference section */
		3033E3832494BCE6008E6821 /* QuizEmoji.app */ = {isa = PBXFileReference; explicitFileType = wrapper.application; includeInIndex = 0; path = QuizEmoji.app; sourceTree = BUILT_PRODUCTS_DIR; };
		3033E3862494BCE6008E6821 /* AppDelegate.swift */ = {isa = PBXFileReference; lastKnownFileType = sourcecode.swift; path = AppDelegate.swift; sourceTree = "<group>"; };
		3033E3882494BCE6008E6821 /* SceneDelegate.swift */ = {isa = PBXFileReference; lastKnownFileType = sourcecode.swift; path = SceneDelegate.swift; sourceTree = "<group>"; };
		3033E38D2494BCE6008E6821 /* Base */ = {isa = PBXFileReference; lastKnownFileType = file.storyboard; name = Base; path = Base.lproj/Main.storyboard; sourceTree = "<group>"; };
		3033E38F2494BCE7008E6821 /* Assets.xcassets */ = {isa = PBXFileReference; lastKnownFileType = folder.assetcatalog; path = Assets.xcassets; sourceTree = "<group>"; };
		3033E3922494BCE7008E6821 /* Base */ = {isa = PBXFileReference; lastKnownFileType = file.storyboard; name = Base; path = Base.lproj/LaunchScreen.storyboard; sourceTree = "<group>"; };
		3033E3942494BCE7008E6821 /* Info.plist */ = {isa = PBXFileReference; lastKnownFileType = text.plist.xml; path = Info.plist; sourceTree = "<group>"; };
		3033E39F2494BF54008E6821 /* Answer.swift */ = {isa = PBXFileReference; lastKnownFileType = sourcecode.swift; path = Answer.swift; sourceTree = "<group>"; };
		3033E3A12494BF67008E6821 /* Category.swift */ = {isa = PBXFileReference; lastKnownFileType = sourcecode.swift; path = Category.swift; sourceTree = "<group>"; };
		3033E3A32494BF86008E6821 /* Level.swift */ = {isa = PBXFileReference; lastKnownFileType = sourcecode.swift; path = Level.swift; sourceTree = "<group>"; };
		3033E3A52494BFA8008E6821 /* Question.swift */ = {isa = PBXFileReference; lastKnownFileType = sourcecode.swift; path = Question.swift; sourceTree = "<group>"; };
		3033E3A72494BFC4008E6821 /* Result.swift */ = {isa = PBXFileReference; lastKnownFileType = sourcecode.swift; path = Result.swift; sourceTree = "<group>"; };
		3033E3A92494BFDF008E6821 /* ResultType.swift */ = {isa = PBXFileReference; lastKnownFileType = sourcecode.swift; path = ResultType.swift; sourceTree = "<group>"; };
		3033E3AB2494BFFC008E6821 /* StatusTest.swift */ = {isa = PBXFileReference; lastKnownFileType = sourcecode.swift; path = StatusTest.swift; sourceTree = "<group>"; };
		3033E3AD2494C063008E6821 /* LevelViewController.swift */ = {isa = PBXFileReference; lastKnownFileType = sourcecode.swift; path = LevelViewController.swift; sourceTree = "<group>"; };
		3033E3AF2494C075008E6821 /* CategoryViewController.swift */ = {isa = PBXFileReference; lastKnownFileType = sourcecode.swift; path = CategoryViewController.swift; sourceTree = "<group>"; };
		3033E3B12494C085008E6821 /* QuestionViewController.swift */ = {isa = PBXFileReference; lastKnownFileType = sourcecode.swift; path = QuestionViewController.swift; sourceTree = "<group>"; };
		3033E3B32494C09A008E6821 /* ResultViewController.swift */ = {isa = PBXFileReference; lastKnownFileType = sourcecode.swift; path = ResultViewController.swift; sourceTree = "<group>"; };
		3033E3B52494C0B9008E6821 /* ResultTableViewController.swift */ = {isa = PBXFileReference; lastKnownFileType = sourcecode.swift; path = ResultTableViewController.swift; sourceTree = "<group>"; };
		3033E3B72494C0C9008E6821 /* TeamTableViewController.swift */ = {isa = PBXFileReference; lastKnownFileType = sourcecode.swift; path = TeamTableViewController.swift; sourceTree = "<group>"; };
		3033E3B92494C0E9008E6821 /* TeamMemberViewController.swift */ = {isa = PBXFileReference; lastKnownFileType = sourcecode.swift; path = TeamMemberViewController.swift; sourceTree = "<group>"; };
		3033E3BB2494C2ED008E6821 /* Results.storyboard */ = {isa = PBXFileReference; lastKnownFileType = file.storyboard; path = Results.storyboard; sourceTree = "<group>"; };
		3033E3BD2494C2FE008E6821 /* Team.storyboard */ = {isa = PBXFileReference; lastKnownFileType = file.storyboard; path = Team.storyboard; sourceTree = "<group>"; };
		3033E3BF2494C3A2008E6821 /* TeamMember.swift */ = {isa = PBXFileReference; lastKnownFileType = sourcecode.swift; path = TeamMember.swift; sourceTree = "<group>"; };
/* End PBXFileReference section */

/* Begin PBXFrameworksBuildPhase section */
		3033E3802494BCE6008E6821 /* Frameworks */ = {
			isa = PBXFrameworksBuildPhase;
			buildActionMask = 2147483647;
			files = (
			);
			runOnlyForDeploymentPostprocessing = 0;
		};
/* End PBXFrameworksBuildPhase section */

/* Begin PBXGroup section */
		3033E37A2494BCE6008E6821 = {
			isa = PBXGroup;
			children = (
				3033E3852494BCE6008E6821 /* QuizEmoji */,
				3033E3842494BCE6008E6821 /* Products */,
			);
			sourceTree = "<group>";
		};
		3033E3842494BCE6008E6821 /* Products */ = {
			isa = PBXGroup;
			children = (
				3033E3832494BCE6008E6821 /* QuizEmoji.app */,
			);
			name = Products;
			sourceTree = "<group>";
		};
		3033E3852494BCE6008E6821 /* QuizEmoji */ = {
			isa = PBXGroup;
			children = (
				3033E39B2494BDEA008E6821 /* ViewControlles */,
				3033E39C2494BE14008E6821 /* Models */,
				3033E39A2494BD18008E6821 /* Storyboards */,
				3033E39D2494BE32008E6821 /* SupportingFiles */,
				3033E39E2494BE52008E6821 /* Sources */,
			);
			path = QuizEmoji;
			sourceTree = "<group>";
		};
		3033E39A2494BD18008E6821 /* Storyboards */ = {
			isa = PBXGroup;
			children = (
				3033E38C2494BCE6008E6821 /* Main.storyboard */,
				3033E3912494BCE7008E6821 /* LaunchScreen.storyboard */,
				3033E3BB2494C2ED008E6821 /* Results.storyboard */,
				3033E3BD2494C2FE008E6821 /* Team.storyboard */,
			);
			path = Storyboards;
			sourceTree = "<group>";
		};
		3033E39B2494BDEA008E6821 /* ViewControlles */ = {
			isa = PBXGroup;
			children = (
				3033E3AD2494C063008E6821 /* LevelViewController.swift */,
				3033E3AF2494C075008E6821 /* CategoryViewController.swift */,
				3033E3B12494C085008E6821 /* QuestionViewController.swift */,
				3033E3B32494C09A008E6821 /* ResultViewController.swift */,
				3033E3B52494C0B9008E6821 /* ResultTableViewController.swift */,
				3033E3B72494C0C9008E6821 /* TeamTableViewController.swift */,
				3033E3B92494C0E9008E6821 /* TeamMemberViewController.swift */,
			);
			path = ViewControlles;
			sourceTree = "<group>";
		};
		3033E39C2494BE14008E6821 /* Models */ = {
			isa = PBXGroup;
			children = (
				3033E39F2494BF54008E6821 /* Answer.swift */,
				3033E3A12494BF67008E6821 /* Category.swift */,
				3033E3A32494BF86008E6821 /* Level.swift */,
				3033E3A52494BFA8008E6821 /* Question.swift */,
				3033E3A72494BFC4008E6821 /* Result.swift */,
				3033E3A92494BFDF008E6821 /* ResultType.swift */,
				3033E3AB2494BFFC008E6821 /* StatusTest.swift */,
				3033E3BF2494C3A2008E6821 /* TeamMember.swift */,
			);
			path = Models;
			sourceTree = "<group>";
		};
		3033E39D2494BE32008E6821 /* SupportingFiles */ = {
			isa = PBXGroup;
			children = (
				3033E3862494BCE6008E6821 /* AppDelegate.swift */,
				3033E3882494BCE6008E6821 /* SceneDelegate.swift */,
				3033E3942494BCE7008E6821 /* Info.plist */,
			);
			path = SupportingFiles;
			sourceTree = "<group>";
		};
		3033E39E2494BE52008E6821 /* Sources */ = {
			isa = PBXGroup;
			children = (
				3033E38F2494BCE7008E6821 /* Assets.xcassets */,
			);
			path = Sources;
			sourceTree = "<group>";
		};
/* End PBXGroup section */

/* Begin PBXNativeTarget section */
		3033E3822494BCE6008E6821 /* QuizEmoji */ = {
			isa = PBXNativeTarget;
			buildConfigurationList = 3033E3972494BCE7008E6821 /* Build configuration list for PBXNativeTarget "QuizEmoji" */;
			buildPhases = (
				3033E37F2494BCE6008E6821 /* Sources */,
				3033E3802494BCE6008E6821 /* Frameworks */,
				3033E3812494BCE6008E6821 /* Resources */,
			);
			buildRules = (
			);
			dependencies = (
			);
			name = QuizEmoji;
			productName = QuizEmoji;
			productReference = 3033E3832494BCE6008E6821 /* QuizEmoji.app */;
			productType = "com.apple.product-type.application";
		};
/* End PBXNativeTarget section */

/* Begin PBXProject section */
		3033E37B2494BCE6008E6821 /* Project object */ = {
			isa = PBXProject;
			attributes = {
				LastSwiftUpdateCheck = 1150;
				LastUpgradeCheck = 1150;
				ORGANIZATIONNAME = "Роман Захаров";
				TargetAttributes = {
					3033E3822494BCE6008E6821 = {
						CreatedOnToolsVersion = 11.5;
					};
				};
			};
			buildConfigurationList = 3033E37E2494BCE6008E6821 /* Build configuration list for PBXProject "QuizEmoji" */;
			compatibilityVersion = "Xcode 9.3";
			developmentRegion = en;
			hasScannedForEncodings = 0;
			knownRegions = (
				en,
				Base,
			);
			mainGroup = 3033E37A2494BCE6008E6821;
			productRefGroup = 3033E3842494BCE6008E6821 /* Products */;
			projectDirPath = "";
			projectRoot = "";
			targets = (
				3033E3822494BCE6008E6821 /* QuizEmoji */,
			);
		};
/* End PBXProject section */

/* Begin PBXResourcesBuildPhase section */
		3033E3812494BCE6008E6821 /* Resources */ = {
			isa = PBXResourcesBuildPhase;
			buildActionMask = 2147483647;
			files = (
				3033E3932494BCE7008E6821 /* LaunchScreen.storyboard in Resources */,
				3033E3902494BCE7008E6821 /* Assets.xcassets in Resources */,
				3033E38E2494BCE6008E6821 /* Main.storyboard in Resources */,
				3033E3BC2494C2ED008E6821 /* Results.storyboard in Resources */,
				3033E3BE2494C2FE008E6821 /* Team.storyboard in Resources */,
			);
			runOnlyForDeploymentPostprocessing = 0;
		};
/* End PBXResourcesBuildPhase section */

/* Begin PBXSourcesBuildPhase section */
		3033E37F2494BCE6008E6821 /* Sources */ = {
			isa = PBXSourcesBuildPhase;
			buildActionMask = 2147483647;
			files = (
				3033E3AE2494C063008E6821 /* LevelViewController.swift in Sources */,
				3033E3BA2494C0E9008E6821 /* TeamMemberViewController.swift in Sources */,
				3033E3A42494BF86008E6821 /* Level.swift in Sources */,
				3033E3B62494C0B9008E6821 /* ResultTableViewController.swift in Sources */,
				3033E3A22494BF67008E6821 /* Category.swift in Sources */,
				3033E3C02494C3A2008E6821 /* TeamMember.swift in Sources */,
				3033E3B02494C075008E6821 /* CategoryViewController.swift in Sources */,
				3033E3B82494C0C9008E6821 /* TeamTableViewController.swift in Sources */,
				3033E3872494BCE6008E6821 /* AppDelegate.swift in Sources */,
				3033E3B22494C085008E6821 /* QuestionViewController.swift in Sources */,
				3033E3AA2494BFDF008E6821 /* ResultType.swift in Sources */,
				3033E3892494BCE6008E6821 /* SceneDelegate.swift in Sources */,
				3033E3B42494C09A008E6821 /* ResultViewController.swift in Sources */,
				3033E3A62494BFA8008E6821 /* Question.swift in Sources */,
				3033E3AC2494BFFC008E6821 /* StatusTest.swift in Sources */,
				3033E3A82494BFC4008E6821 /* Result.swift in Sources */,
				3033E3A02494BF54008E6821 /* Answer.swift in Sources */,
			);
			runOnlyForDeploymentPostprocessing = 0;
		};
/* End PBXSourcesBuildPhase section */

/* Begin PBXVariantGroup section */
		3033E38C2494BCE6008E6821 /* Main.storyboard */ = {
			isa = PBXVariantGroup;
			children = (
				3033E38D2494BCE6008E6821 /* Base */,
			);
			name = Main.storyboard;
			sourceTree = "<group>";
		};
		3033E3912494BCE7008E6821 /* LaunchScreen.storyboard */ = {
			isa = PBXVariantGroup;
			children = (
				3033E3922494BCE7008E6821 /* Base */,
			);
			name = LaunchScreen.storyboard;
			sourceTree = "<group>";
		};
/* End PBXVariantGroup section */

/* Begin XCBuildConfiguration section */
		3033E3952494BCE7008E6821 /* Debug */ = {
			isa = XCBuildConfiguration;
			buildSettings = {
				ALWAYS_SEARCH_USER_PATHS = NO;
				CLANG_ANALYZER_NONNULL = YES;
				CLANG_ANALYZER_NUMBER_OBJECT_CONVERSION = YES_AGGRESSIVE;
				CLANG_CXX_LANGUAGE_STANDARD = "gnu++14";
				CLANG_CXX_LIBRARY = "libc++";
				CLANG_ENABLE_MODULES = YES;
				CLANG_ENABLE_OBJC_ARC = YES;
				CLANG_ENABLE_OBJC_WEAK = YES;
				CLANG_WARN_BLOCK_CAPTURE_AUTORELEASING = YES;
				CLANG_WARN_BOOL_CONVERSION = YES;
				CLANG_WARN_COMMA = YES;
				CLANG_WARN_CONSTANT_CONVERSION = YES;
				CLANG_WARN_DEPRECATED_OBJC_IMPLEMENTATIONS = YES;
				CLANG_WARN_DIRECT_OBJC_ISA_USAGE = YES_ERROR;
				CLANG_WARN_DOCUMENTATION_COMMENTS = YES;
				CLANG_WARN_EMPTY_BODY = YES;
				CLANG_WARN_ENUM_CONVERSION = YES;
				CLANG_WARN_INFINITE_RECURSION = YES;
				CLANG_WARN_INT_CONVERSION = YES;
				CLANG_WARN_NON_LITERAL_NULL_CONVERSION = YES;
				CLANG_WARN_OBJC_IMPLICIT_RETAIN_SELF = YES;
				CLANG_WARN_OBJC_LITERAL_CONVERSION = YES;
				CLANG_WARN_OBJC_ROOT_CLASS = YES_ERROR;
				CLANG_WARN_RANGE_LOOP_ANALYSIS = YES;
				CLANG_WARN_STRICT_PROTOTYPES = YES;
				CLANG_WARN_SUSPICIOUS_MOVE = YES;
				CLANG_WARN_UNGUARDED_AVAILABILITY = YES_AGGRESSIVE;
				CLANG_WARN_UNREACHABLE_CODE = YES;
				CLANG_WARN__DUPLICATE_METHOD_MATCH = YES;
				COPY_PHASE_STRIP = NO;
				DEBUG_INFORMATION_FORMAT = dwarf;
				ENABLE_STRICT_OBJC_MSGSEND = YES;
				ENABLE_TESTABILITY = YES;
				GCC_C_LANGUAGE_STANDARD = gnu11;
				GCC_DYNAMIC_NO_PIC = NO;
				GCC_NO_COMMON_BLOCKS = YES;
				GCC_OPTIMIZATION_LEVEL = 0;
				GCC_PREPROCESSOR_DEFINITIONS = (
					"DEBUG=1",
					"$(inherited)",
				);
				GCC_WARN_64_TO_32_BIT_CONVERSION = YES;
				GCC_WARN_ABOUT_RETURN_TYPE = YES_ERROR;
				GCC_WARN_UNDECLARED_SELECTOR = YES;
				GCC_WARN_UNINITIALIZED_AUTOS = YES_AGGRESSIVE;
				GCC_WARN_UNUSED_FUNCTION = YES;
				GCC_WARN_UNUSED_VARIABLE = YES;
				IPHONEOS_DEPLOYMENT_TARGET = 13.5;
				MTL_ENABLE_DEBUG_INFO = INCLUDE_SOURCE;
				MTL_FAST_MATH = YES;
				ONLY_ACTIVE_ARCH = YES;
				SDKROOT = iphoneos;
				SWIFT_ACTIVE_COMPILATION_CONDITIONS = DEBUG;
				SWIFT_OPTIMIZATION_LEVEL = "-Onone";
			};
			name = Debug;
		};
		3033E3962494BCE7008E6821 /* Release */ = {
			isa = XCBuildConfiguration;
			buildSettings = {
				ALWAYS_SEARCH_USER_PATHS = NO;
				CLANG_ANALYZER_NONNULL = YES;
				CLANG_ANALYZER_NUMBER_OBJECT_CONVERSION = YES_AGGRESSIVE;
				CLANG_CXX_LANGUAGE_STANDARD = "gnu++14";
				CLANG_CXX_LIBRARY = "libc++";
				CLANG_ENABLE_MODULES = YES;
				CLANG_ENABLE_OBJC_ARC = YES;
				CLANG_ENABLE_OBJC_WEAK = YES;
				CLANG_WARN_BLOCK_CAPTURE_AUTORELEASING = YES;
				CLANG_WARN_BOOL_CONVERSION = YES;
				CLANG_WARN_COMMA = YES;
				CLANG_WARN_CONSTANT_CONVERSION = YES;
				CLANG_WARN_DEPRECATED_OBJC_IMPLEMENTATIONS = YES;
				CLANG_WARN_DIRECT_OBJC_ISA_USAGE = YES_ERROR;
				CLANG_WARN_DOCUMENTATION_COMMENTS = YES;
				CLANG_WARN_EMPTY_BODY = YES;
				CLANG_WARN_ENUM_CONVERSION = YES;
				CLANG_WARN_INFINITE_RECURSION = YES;
				CLANG_WARN_INT_CONVERSION = YES;
				CLANG_WARN_NON_LITERAL_NULL_CONVERSION = YES;
				CLANG_WARN_OBJC_IMPLICIT_RETAIN_SELF = YES;
				CLANG_WARN_OBJC_LITERAL_CONVERSION = YES;
				CLANG_WARN_OBJC_ROOT_CLASS = YES_ERROR;
				CLANG_WARN_RANGE_LOOP_ANALYSIS = YES;
				CLANG_WARN_STRICT_PROTOTYPES = YES;
				CLANG_WARN_SUSPICIOUS_MOVE = YES;
				CLANG_WARN_UNGUARDED_AVAILABILITY = YES_AGGRESSIVE;
				CLANG_WARN_UNREACHABLE_CODE = YES;
				CLANG_WARN__DUPLICATE_METHOD_MATCH = YES;
				COPY_PHASE_STRIP = NO;
				DEBUG_INFORMATION_FORMAT = "dwarf-with-dsym";
				ENABLE_NS_ASSERTIONS = NO;
				ENABLE_STRICT_OBJC_MSGSEND = YES;
				GCC_C_LANGUAGE_STANDARD = gnu11;
				GCC_NO_COMMON_BLOCKS = YES;
				GCC_WARN_64_TO_32_BIT_CONVERSION = YES;
				GCC_WARN_ABOUT_RETURN_TYPE = YES_ERROR;
				GCC_WARN_UNDECLARED_SELECTOR = YES;
				GCC_WARN_UNINITIALIZED_AUTOS = YES_AGGRESSIVE;
				GCC_WARN_UNUSED_FUNCTION = YES;
				GCC_WARN_UNUSED_VARIABLE = YES;
				IPHONEOS_DEPLOYMENT_TARGET = 13.5;
				MTL_ENABLE_DEBUG_INFO = NO;
				MTL_FAST_MATH = YES;
				SDKROOT = iphoneos;
				SWIFT_COMPILATION_MODE = wholemodule;
				SWIFT_OPTIMIZATION_LEVEL = "-O";
				VALIDATE_PRODUCT = YES;
			};
			name = Release;
		};
		3033E3982494BCE7008E6821 /* Debug */ = {
			isa = XCBuildConfiguration;
			buildSettings = {
				ASSETCATALOG_COMPILER_APPICON_NAME = AppIcon;
				CODE_SIGN_STYLE = Automatic;
				DEVELOPMENT_TEAM = 9A42232N73;
				INFOPLIST_FILE = QuizEmoji/SupportingFiles/Info.plist;
				LD_RUNPATH_SEARCH_PATHS = (
					"$(inherited)",
					"@executable_path/Frameworks",
				);
				PRODUCT_BUNDLE_IDENTIFIER = ru.swiftbook.QuizEmoji;
				PRODUCT_NAME = "$(TARGET_NAME)";
				SWIFT_VERSION = 5.0;
				TARGETED_DEVICE_FAMILY = "1,2";
			};
			name = Debug;
		};
		3033E3992494BCE7008E6821 /* Release */ = {
			isa = XCBuildConfiguration;
			buildSettings = {
				ASSETCATALOG_COMPILER_APPICON_NAME = AppIcon;
				CODE_SIGN_STYLE = Automatic;
				DEVELOPMENT_TEAM = 9A42232N73;
				INFOPLIST_FILE = QuizEmoji/SupportingFiles/Info.plist;
				LD_RUNPATH_SEARCH_PATHS = (
					"$(inherited)",
					"@executable_path/Frameworks",
				);
				PRODUCT_BUNDLE_IDENTIFIER = ru.swiftbook.QuizEmoji;
				PRODUCT_NAME = "$(TARGET_NAME)";
				SWIFT_VERSION = 5.0;
				TARGETED_DEVICE_FAMILY = "1,2";
			};
			name = Release;
		};
/* End XCBuildConfiguration section */

/* Begin XCConfigurationList section */
		3033E37E2494BCE6008E6821 /* Build configuration list for PBXProject "QuizEmoji" */ = {
			isa = XCConfigurationList;
			buildConfigurations = (
				3033E3952494BCE7008E6821 /* Debug */,
				3033E3962494BCE7008E6821 /* Release */,
			);
			defaultConfigurationIsVisible = 0;
			defaultConfigurationName = Release;
		};
		3033E3972494BCE7008E6821 /* Build configuration list for PBXNativeTarget "QuizEmoji" */ = {
			isa = XCConfigurationList;
			buildConfigurations = (
				3033E3982494BCE7008E6821 /* Debug */,
				3033E3992494BCE7008E6821 /* Release */,
			);
			defaultConfigurationIsVisible = 0;
			defaultConfigurationName = Release;
		};
/* End XCConfigurationList section */
	};
	rootObject = 3033E37B2494BCE6008E6821 /* Project object */;
}
